
Microsoft Visual Studio Solution File, Format Version 12.00
# Visual Studio Version 17
VisualStudioVersion = 17.0.32112.339
MinimumVisualStudioVersion = 10.0.40219.1
Project("{FAE04EC0-301F-11D3-BF4B-00C04F79EFBC}") = "Module4", "Module4.csproj", "{39A6863F-9793-4B8F-B2BD-BAFF07316A52}"
EndProject
Global
	GlobalSection(SolutionConfigurationPlatforms) = preSolution
		Debug|Any CPU = Debug|Any CPU
		Release|Any CPU = Release|Any CPU
	EndGlobalSection
	GlobalSection(ProjectConfigurationPlatforms) = postSolution
		{39A6863F-9793-4B8F-B2BD-BAFF07316A52}.Debug|Any CPU.ActiveCfg = Debug|Any CPU
		{39A6863F-9793-4B8F-B2BD-BAFF07316A52}.Debug|Any CPU.Build.0 = Debug|Any CPU
		{39A6863F-9793-4B8F-B2BD-BAFF07316A52}.Release|Any CPU.ActiveCfg = Release|Any CPU
		{39A6863F-9793-4B8F-B2BD-BAFF07316A52}.Release|Any CPU.Build.0 = Release|Any CPU
	EndGlobalSection
	GlobalSection(SolutionProperties) = preSolution
		HideSolutionNode = FALSE
	EndGlobalSection
	GlobalSection(ExtensibilityGlobals) = postSolution
		SolutionGuid = {8179020D-0C05-413D-B0A5-1BC8F30E54D9}
	EndGlobalSection
EndGlobal
